
Microsoft Visual Studio Solution File, Format Version 12.00
# Visual Studio Version 16
VisualStudioVersion = 16.0.30330.147
MinimumVisualStudioVersion = 10.0.40219.1
Project("{9A19103F-16F7-4668-BE54-9A1E7A4F7556}") = "AspNetLection", "AspNetLection\AspNetLection.csproj", "{C4EDE668-2C03-4EB7-8754-2119515E9734}"
EndProject
Project("{9A19103F-16F7-4668-BE54-9A1E7A4F7556}") = "AspNetLection.Services", "AspNetLection.Services\AspNetLection.Services.csproj", "{A7DEF07B-B63F-4A59-958E-B8574382F500}"
EndProject
Project("{9A19103F-16F7-4668-BE54-9A1E7A4F7556}") = "AspNetLection.DAL", "AspNetLection.Database\AspNetLection.DAL.csproj", "{0DFD64A1-6AEC-40CC-8A9F-5647628953B8}"
EndProject
Project("{9A19103F-16F7-4668-BE54-9A1E7A4F7556}") = "AspNetLection.Models", "AspNetLection.Domain\AspNetLection.Models.csproj", "{09960CD6-EE94-4115-8606-EA9CC1B2463B}"
EndProject
Global
	GlobalSection(SolutionConfigurationPlatforms) = preSolution
		Debug|Any CPU = Debug|Any CPU
		Release|Any CPU = Release|Any CPU
	EndGlobalSection
	GlobalSection(ProjectConfigurationPlatforms) = postSolution
		{C4EDE668-2C03-4EB7-8754-2119515E9734}.Debug|Any CPU.ActiveCfg = Debug|Any CPU
		{C4EDE668-2C03-4EB7-8754-2119515E9734}.Debug|Any CPU.Build.0 = Debug|Any CPU
		{C4EDE668-2C03-4EB7-8754-2119515E9734}.Release|Any CPU.ActiveCfg = Release|Any CPU
		{C4EDE668-2C03-4EB7-8754-2119515E9734}.Release|Any CPU.Build.0 = Release|Any CPU
		{A7DEF07B-B63F-4A59-958E-B8574382F500}.Debug|Any CPU.ActiveCfg = Debug|Any CPU
		{A7DEF07B-B63F-4A59-958E-B8574382F500}.Debug|Any CPU.Build.0 = Debug|Any CPU
		{A7DEF07B-B63F-4A59-958E-B8574382F500}.Release|Any CPU.ActiveCfg = Release|Any CPU
		{A7DEF07B-B63F-4A59-958E-B8574382F500}.Release|Any CPU.Build.0 = Release|Any CPU
		{0DFD64A1-6AEC-40CC-8A9F-5647628953B8}.Debug|Any CPU.ActiveCfg = Debug|Any CPU
		{0DFD64A1-6AEC-40CC-8A9F-5647628953B8}.Debug|Any CPU.Build.0 = Debug|Any CPU
		{0DFD64A1-6AEC-40CC-8A9F-5647628953B8}.Release|Any CPU.ActiveCfg = Release|Any CPU
		{0DFD64A1-6AEC-40CC-8A9F-5647628953B8}.Release|Any CPU.Build.0 = Release|Any CPU
		{09960CD6-EE94-4115-8606-EA9CC1B2463B}.Debug|Any CPU.ActiveCfg = Debug|Any CPU
		{09960CD6-EE94-4115-8606-EA9CC1B2463B}.Debug|Any CPU.Build.0 = Debug|Any CPU
		{09960CD6-EE94-4115-8606-EA9CC1B2463B}.Release|Any CPU.ActiveCfg = Release|Any CPU
		{09960CD6-EE94-4115-8606-EA9CC1B2463B}.Release|Any CPU.Build.0 = Release|Any CPU
	EndGlobalSection
	GlobalSection(SolutionProperties) = preSolution
		HideSolutionNode = FALSE
	EndGlobalSection
	GlobalSection(ExtensibilityGlobals) = postSolution
		SolutionGuid = {E6B56B0B-3B77-4426-B2F8-0A404B1F364C}
	EndGlobalSection
EndGlobal
